
Microsoft Visual Studio Solution File, Format Version 12.00
# Visual Studio Version 17
VisualStudioVersion = 17.5.33516.290
MinimumVisualStudioVersion = 10.0.40219.1
Project("{9A19103F-16F7-4668-BE54-9A1E7A4F7556}") = "Rogue", "Rogue\Rogue.csproj", "{3EA263AF-8AF1-400A-B41D-D33075CE7468}"
EndProject
Project("{9A19103F-16F7-4668-BE54-9A1E7A4F7556}") = "TurboMapReader", "..\..\TurboMapReader-main\TurboMapReader.csproj", "{508473C0-EBF6-47EF-9550-594BFB417EBB}"
EndProject
Global
	GlobalSection(SolutionConfigurationPlatforms) = preSolution
		Debug.DLL|Any CPU = Debug.DLL|Any CPU
		Debug.DLL|x64 = Debug.DLL|x64
		Debug.DLL|x86 = Debug.DLL|x86
		Debug|Any CPU = Debug|Any CPU
		Debug|x64 = Debug|x64
		Debug|x86 = Debug|x86
		Release.DLL|Any CPU = Release.DLL|Any CPU
		Release.DLL|x64 = Release.DLL|x64
		Release.DLL|x86 = Release.DLL|x86
		Release|Any CPU = Release|Any CPU
		Release|x64 = Release|x64
		Release|x86 = Release|x86
	EndGlobalSection
	GlobalSection(ProjectConfigurationPlatforms) = postSolution
		{3EA263AF-8AF1-400A-B41D-D33075CE7468}.Debug.DLL|Any CPU.ActiveCfg = Debug|Any CPU
		{3EA263AF-8AF1-400A-B41D-D33075CE7468}.Debug.DLL|Any CPU.Build.0 = Debug|Any CPU
		{3EA263AF-8AF1-400A-B41D-D33075CE7468}.Debug.DLL|x64.ActiveCfg = Debug|Any CPU
		{3EA263AF-8AF1-400A-B41D-D33075CE7468}.Debug.DLL|x64.Build.0 = Debug|Any CPU
		{3EA263AF-8AF1-400A-B41D-D33075CE7468}.Debug.DLL|x86.ActiveCfg = Debug|Any CPU
		{3EA263AF-8AF1-400A-B41D-D33075CE7468}.Debug.DLL|x86.Build.0 = Debug|Any CPU
		{3EA263AF-8AF1-400A-B41D-D33075CE7468}.Debug|Any CPU.ActiveCfg = Debug|Any CPU
		{3EA263AF-8AF1-400A-B41D-D33075CE7468}.Debug|Any CPU.Build.0 = Debug|Any CPU
		{3EA263AF-8AF1-400A-B41D-D33075CE7468}.Debug|x64.ActiveCfg = Debug|Any CPU
		{3EA263AF-8AF1-400A-B41D-D33075CE7468}.Debug|x64.Build.0 = Debug|Any CPU
		{3EA263AF-8AF1-400A-B41D-D33075CE7468}.Debug|x86.ActiveCfg = Debug|Any CPU
		{3EA263AF-8AF1-400A-B41D-D33075CE7468}.Debug|x86.Build.0 = Debug|Any CPU
		{3EA263AF-8AF1-400A-B41D-D33075CE7468}.Release.DLL|Any CPU.ActiveCfg = Release|Any CPU
		{3EA263AF-8AF1-400A-B41D-D33075CE7468}.Release.DLL|Any CPU.Build.0 = Release|Any CPU
		{3EA263AF-8AF1-400A-B41D-D33075CE7468}.Release.DLL|x64.ActiveCfg = Release|Any CPU
		{3EA263AF-8AF1-400A-B41D-D33075CE7468}.Release.DLL|x64.Build.0 = Release|Any CPU
		{3EA263AF-8AF1-400A-B41D-D33075CE7468}.Release.DLL|x86.ActiveCfg = Release|Any CPU
		{3EA263AF-8AF1-400A-B41D-D33075CE7468}.Release.DLL|x86.Build.0 = Release|Any CPU
		{3EA263AF-8AF1-400A-B41D-D33075CE7468}.Release|Any CPU.ActiveCfg = Release|Any CPU
		{3EA263AF-8AF1-400A-B41D-D33075CE7468}.Release|Any CPU.Build.0 = Release|Any CPU
		{3EA263AF-8AF1-400A-B41D-D33075CE7468}.Release|x64.ActiveCfg = Release|Any CPU
		{3EA263AF-8AF1-400A-B41D-D33075CE7468}.Release|x64.Build.0 = Release|Any CPU
		{3EA263AF-8AF1-400A-B41D-D33075CE7468}.Release|x86.ActiveCfg = Release|Any CPU
		{3EA263AF-8AF1-400A-B41D-D33075CE7468}.Release|x86.Build.0 = Release|Any CPU
		{508473C0-EBF6-47EF-9550-594BFB417EBB}.Debug.DLL|Any CPU.ActiveCfg = Debug|Any CPU
		{508473C0-EBF6-47EF-9550-594BFB417EBB}.Debug.DLL|Any CPU.Build.0 = Debug|Any CPU
		{508473C0-EBF6-47EF-9550-594BFB417EBB}.Debug.DLL|x64.ActiveCfg = Debug|Any CPU
		{508473C0-EBF6-47EF-9550-594BFB417EBB}.Debug.DLL|x64.Build.0 = Debug|Any CPU
		{508473C0-EBF6-47EF-9550-594BFB417EBB}.Debug.DLL|x86.ActiveCfg = Debug|Any CPU
		{508473C0-EBF6-47EF-9550-594BFB417EBB}.Debug.DLL|x86.Build.0 = Debug|Any CPU
		{508473C0-EBF6-47EF-9550-594BFB417EBB}.Debug|Any CPU.ActiveCfg = Debug|Any CPU
		{508473C0-EBF6-47EF-9550-594BFB417EBB}.Debug|Any CPU.Build.0 = Debug|Any CPU
		{508473C0-EBF6-47EF-9550-594BFB417EBB}.Debug|x64.ActiveCfg = Debug|Any CPU
		{508473C0-EBF6-47EF-9550-594BFB417EBB}.Debug|x64.Build.0 = Debug|Any CPU
		{508473C0-EBF6-47EF-9550-594BFB417EBB}.Debug|x86.ActiveCfg = Debug|Any CPU
		{508473C0-EBF6-47EF-9550-594BFB417EBB}.Debug|x86.Build.0 = Debug|Any CPU
		{508473C0-EBF6-47EF-9550-594BFB417EBB}.Release.DLL|Any CPU.ActiveCfg = Release|Any CPU
		{508473C0-EBF6-47EF-9550-594BFB417EBB}.Release.DLL|Any CPU.Build.0 = Release|Any CPU
		{508473C0-EBF6-47EF-9550-594BFB417EBB}.Release.DLL|x64.ActiveCfg = Release|Any CPU
		{508473C0-EBF6-47EF-9550-594BFB417EBB}.Release.DLL|x64.Build.0 = Release|Any CPU
		{508473C0-EBF6-47EF-9550-594BFB417EBB}.Release.DLL|x86.ActiveCfg = Release|Any CPU
		{508473C0-EBF6-47EF-9550-594BFB417EBB}.Release.DLL|x86.Build.0 = Release|Any CPU
		{508473C0-EBF6-47EF-9550-594BFB417EBB}.Release|Any CPU.ActiveCfg = Release|Any CPU
		{508473C0-EBF6-47EF-9550-594BFB417EBB}.Release|Any CPU.Build.0 = Release|Any CPU
		{508473C0-EBF6-47EF-9550-594BFB417EBB}.Release|x64.ActiveCfg = Release|Any CPU
		{508473C0-EBF6-47EF-9550-594BFB417EBB}.Release|x64.Build.0 = Release|Any CPU
		{508473C0-EBF6-47EF-9550-594BFB417EBB}.Release|x86.ActiveCfg = Release|Any CPU
		{508473C0-EBF6-47EF-9550-594BFB417EBB}.Release|x86.Build.0 = Release|Any CPU
	EndGlobalSection
	GlobalSection(SolutionProperties) = preSolution
		HideSolutionNode = FALSE
	EndGlobalSection
	GlobalSection(ExtensibilityGlobals) = postSolution
		SolutionGuid = {A0413EFD-31FD-4C54-A2E7-C927D844B9D3}
	EndGlobalSection
EndGlobal
